
Microsoft Visual Studio Solution File, Format Version 12.00
# Visual Studio Version 16
VisualStudioVersion = 16.0.32106.194
MinimumVisualStudioVersion = 10.0.40219.1
Project("{FAE04EC0-301F-11D3-BF4B-00C04F79EFBC}") = "HDMola", "HDMola.csproj", "{C3EAD59A-D348-4FA5-947D-FFECB7AF72DD}"
EndProject
Global
	GlobalSection(SolutionConfigurationPlatforms) = preSolution
		Debug|Any CPU = Debug|Any CPU
		Release|Any CPU = Release|Any CPU
	EndGlobalSection
	GlobalSection(ProjectConfigurationPlatforms) = postSolution
		{C3EAD59A-D348-4FA5-947D-FFECB7AF72DD}.Debug|Any CPU.ActiveCfg = Debug|Any CPU
		{C3EAD59A-D348-4FA5-947D-FFECB7AF72DD}.Debug|Any CPU.Build.0 = Debug|Any CPU
		{C3EAD59A-D348-4FA5-947D-FFECB7AF72DD}.Release|Any CPU.ActiveCfg = Release|Any CPU
		{C3EAD59A-D348-4FA5-947D-FFECB7AF72DD}.Release|Any CPU.Build.0 = Release|Any CPU
	EndGlobalSection
	GlobalSection(SolutionProperties) = preSolution
		HideSolutionNode = FALSE
	EndGlobalSection
	GlobalSection(ExtensibilityGlobals) = postSolution
		SolutionGuid = {9D192AB3-FF57-457D-AEE2-FFFCE896646D}
	EndGlobalSection
EndGlobal
